// !$*UTF8*$!
{
	archiveVersion = 1;
	classes = {
	};
	objectVersion = 46;
	objects = {
		89F38609E059A69327C5763E = {
			isa = PBXBuildFile;
			fileRef = 48DCB36D5C66459EBF26835F;
		};
		9C6B303E33BD8C75323E79CA = {
			isa = PBXBuildFile;
			fileRef = 53E29F8754160783298F9B3F;
		};
		E5B639382770E3C7B465745E = {
			isa = PBXBuildFile;
			fileRef = B7280202A04F7F49C11FEFBB;
		};
		55AB8FE9C13A6150D5EA8AD1 = {
			isa = PBXBuildFile;
			fileRef = B878DE7DDF14C25665A60FF8;
		};
		E9E2AAE570ED603C835707D4 = {
			isa = PBXBuildFile;
			fileRef = CDF5FA92ED317942742A02AD;
		};
		01D57BF3B487C134AC3229E7 = {
			isa = PBXBuildFile;
			fileRef = 530710B17098FF27583953C3;
		};
		0F6645ACB403A27B0ADB3DD6 = {
			isa = PBXBuildFile;
			fileRef = 362B60DE6AC8087CC1CEFDDA;
		};
		6B13A4BB845E973C2875A326 = {
			isa = PBXBuildFile;
			fileRef = B18C46392A4417AEE694113A;
		};
		C096FFF5F8FF1BCEA75C0E0C = {
			isa = PBXBuildFile;
			fileRef = AC3C4EE2455C21BA13834B1E;
		};
		2B28B4F0ABDB3A91346D438C = {
			isa = PBXBuildFile;
			fileRef = B307DF2F0E3B8C35A6890E7F;
		};
		ED678CDE326E9222EFAFC0D4 = {
			isa = PBXBuildFile;
			fileRef = 9EB93FF03B1888D37650913B;
		};
		74EA579372DEFB508EC86EAC = {
			isa = PBXBuildFile;
			fileRef = 725B0EF38D02EE53142085DA;
		};
		0F07E1B6ED3184A6A45C3ECF = {
			isa = PBXBuildFile;
			fileRef = 11541BAD58B7502DCBBCB73F;
		};
		E86FC96817340EB89706C570 = {
			isa = PBXBuildFile;
			fileRef = FCEDE51FA632B9232C96C64F;
		};
		CC54EAD1D7E7F33C593B996E = {
			isa = PBXBuildFile;
			fileRef = F2093CB8BD444927470F2BE7;
		};
		196599E2E23BDB5A8074AE71 = {
			isa = PBXBuildFile;
			fileRef = 16F1D1BAB769650F14912032;
		};
		00E49298367FE985E3C477C6 = {
			isa = PBXBuildFile;
			fileRef = 8E5305517ED498925302D4AE;
		};
		63A5890F7A21E13323C2CA6C = {
			isa = PBXBuildFile;
			fileRef = 473663851ACCC4535630FF8D;
		};
		65FEA6E24F9F54EC898FB455 = {
			isa = PBXBuildFile;
			fileRef = A9D70163FAE4A1FC3FB3634D;
		};
		4476A193186DA19BA0570FCE = {
			isa = PBXBuildFile;
			fileRef = 1AB067102ACDF806CF374747;
		};
		D1455B317C94965D3FD3F5EA = {
			isa = PBXBuildFile;
			fileRef = 6C8EEAE03D40BA0263CA692D;
		};
		21A22E004930FDC0C3DA290F = {
			isa = PBXBuildFile;
			fileRef = 0B568AFAF9B9A115AFCBC767;
		};
		A62710336C31618D25AF19B2 = {
			isa = PBXBuildFile;
			fileRef = D548FC9477D06C9BD4D501C0;
		};
		6A4A26E27EB2FFEE38AB6863 = {
			isa = PBXBuildFile;
			fileRef = AA227D9C0F29C0143E0B75DD;
		};
		A29CE492EB74DEDD5BF62FEB = {
			isa = PBXBuildFile;
			fileRef = 3B8181470F9BFE1CC3A0F409;
		};
		15F868E369BC6DFEEBA52421 = {
			isa = PBXBuildFile;
			fileRef = 890E266AC6BF3163ED8285C2;
		};
		5142E216E56408CAB19C9037 = {
			isa = PBXBuildFile;
			fileRef = 4ACA09BF1DD6579F765A4CBD;
		};
		6FC3C4B767DE2254EB3F0388 = {
			isa = PBXBuildFile;
			fileRef = AF035DF4E483D28FF66D0D07;
		};
		47C1D5781CE382760EB3DDC2 = {
			isa = PBXBuildFile;
			fileRef = C8F9084CFACC5644BCD658D7;
		};
		FB4F44F8B7DEA4E78A90D023 = {
			isa = PBXBuildFile;
			fileRef = 27B2A181E49A334C386DD3F6;
		};
		84DA7242FD63145AA563E1AB = {
			isa = PBXBuildFile;
			fileRef = 15143793623093141304067A;
		};
		CA5E278F6D04C5044ACDAC64 = {
			isa = PBXBuildFile;
			fileRef = 7BD69CDD06A0C9D0C533154B;
		};
		8E66BDA60A004FF6EA42B3F8 = {
			isa = PBXBuildFile;
			fileRef = 9C880217242E5B4EEEDF5AC2;
		};
		4BED359EAB558B79ACD66A3A = {
			isa = PBXBuildFile;
			fileRef = F1FB7838F44F6F31B1C4AC73;
		};
		193B562BEC1C884A05A9F915 = {
			isa = PBXBuildFile;
			fileRef = CB2CDB7270C4BB3367B1F1AD;
		};
		149586B3563146B42D685C35 = {
			isa = PBXBuildFile;
			fileRef = D82354CA3A33B133CE60BAE8;
		};
		1B61D2524C60B2CDC8DCEFB1 = {
			isa = PBXBuildFile;
			fileRef = 1F0BD6E2A0D7A963370A5832;
		};
		9AEF3D7C4D7EA5659682475E = {
			isa = PBXBuildFile;
			fileRef = 7A53008C47E2E3A26AE22C80;
		};
		73AD262323A4BEE323200E06 = {
			isa = PBXBuildFile;
			fileRef = E3CDF86B5799B2CF6308E08C;
		};
		195583AC28CEE53A931F74CB = {
			isa = PBXBuildFile;
			fileRef = F0CF32634E3A4ABDB3B25746;
		};
		EEF32D2A9EEEC1865AF373A0 = {
			isa = PBXBuildFile;
			fileRef = A69A57198A657CFC45ECAECB;
		};
		783BD85378C2BFACD464000A = {
			isa = PBXBuildFile;
			fileRef = B6DEB3FBF7C56D1A02A3036D;
		};
		A11D062F5BFCFBB8147095ED = {
			isa = PBXBuildFile;
			fileRef = 2ED5BEA38C829BF8DC6104BA;
		};
		41487CACBF949C3A37CB9B73 = {
			isa = PBXBuildFile;
			fileRef = 5D60DC8DBCA50E880502AC6F;
		};
		7FED009EA19E972910CD38DA = {
			isa = PBXBuildFile;
			fileRef = 72682D5667321938BBF45342;
		};
		FA1EE98D2104FAA620B096B0 = {
			isa = PBXBuildFile;
			fileRef = 62F6AAD1D5D33248FC45438E;
		};
		2276FD683DD691F70C9FBC36 = {
			isa = PBXBuildFile;
			fileRef = 6355E591166EB7AC3526BF9E;
		};
		5A67FF381629839720663E21 = {
			isa = PBXBuildFile;
			fileRef = D56630A1D0B4DBE1F51337F4;
		};
		482EFF5812BDB4EE79CA851B = {
			isa = PBXBuildFile;
			fileRef = D04A531A10E80B85D63F4CD2;
		};
		5715AFA019655F3D1C3AB383 = {
			isa = PBXBuildFile;
			fileRef = 92B658BA979682D0071D86BD;
		};
		0A33B99630EEB381E2CEC376 = {
			isa = PBXBuildFile;
			fileRef = 8FE3E83AE5DE577DD6904695;
		};
		559D74AB01B8D9852AD7DB24 = {
			isa = PBXBuildFile;
			fileRef = A991DE91864B48C008A4B9CD;
		};
		0F2082BE57CB4D233E4C5FB3 = {
			isa = PBXBuildFile;
			fileRef = 046D5C0F76C6505F61315751;
		};
		9B89B315B4B4BE722027B5D0 = {
			isa = PBXBuildFile;
			fileRef = 6E2033478DF6620E4BEF65FF;
		};
		37F67C246D099E976485E476 = {
			isa = PBXBuildFile;
			fileRef = 2E00BFFA95C89D4E14BCA33C;
		};
		511E3AA90A31E9C4481B7B45 = {
			isa = PBXBuildFile;
			fileRef = 6AA7DC85F2F981EB2A1E8058;
		};
		9B74B3787E8A7E0088348427 = {
			isa = PBXBuildFile;
			fileRef = 3A6FB56F1D241CB80D53144D;
		};
		4637B70CCC8FA33054B963FD = {
			isa = PBXBuildFile;
			fileRef = 6D229E2E519ECE30E05CD3B8;
		};
		3554B04DEA97AEA6E114B2D4 = {
			isa = PBXBuildFile;
			fileRef = 90F3E159212F7F2C097A1807;
		};
		C2079DA54CCEA81EB64CABB3 = {
			isa = PBXBuildFile;
			fileRef = 42ADB0B3457BFA8ACE1CF02A;
		};
		E7AC92FC63D639AB618D7752 = {
			isa = PBXBuildFile;
			fileRef = A1AACA38CB6EBF29E0368B49;
		};
		057351EF9838BE7B43C37D95 = {
			isa = PBXBuildFile;
			fileRef = 3E75776F0E1EADC0287E453D;
		};
		45457E84EA9FF08FD27AD212 = {
			isa = PBXBuildFile;
			fileRef = 7673379999BF62742863565C;
		};
		8D7D06B3588DE7622F47D36E = {
			isa = PBXBuildFile;
			fileRef = 6C922017AA8F99A1C8D51685;
		};
		45B5454C79DBE8ED6986E633 = {
			isa = PBXBuildFile;
			fileRef = 0C98FF654491DBF3350F0F0A;
		};
		3BE8345C6387552ECAA70306 = {
			isa = PBXBuildFile;
			fileRef = 5E51260EAB8B2477A103B694;
		};
		8CA2515833B737A3515207F6 = {
			isa = PBXBuildFile;
			fileRef = E9D60500B6EB222A21B5F9AD;
		};
		5E4B2C121484C25A36E19545 = {
			isa = PBXBuildFile;
			fileRef = 368B0446EFA74504FDD82BAA;
		};
		BE41F208E3B23C209E615839 = {
			isa = PBXBuildFile;
			fileRef = D7DF59F9BC30C7E4505C2813;
		};
		22BEC80D54F6EC0E42D83DEA = {
			isa = PBXBuildFile;
			fileRef = 463DAB9A50814008CC58122B;
		};
		5C437E094184169E24011A1C = {
			isa = PBXBuildFile;
			fileRef = 7F3EBAC6B24AB98C4378B72D;
		};
		555E5C3FD8AA83430E59D504 = {
			isa = PBXBuildFile;
			fileRef = 3F630709114AB71C6F07F2FD;
		};
		036C06FA071891A233BD93A7 = {
			isa = PBXFileReference;
			lastKnownFileType = sourcecode.c.h;
			name = BareBonesVUMeter.h;
			path = ../../Source/UtilityComponents/BareBonesVUMeter.h;
			sourceTree = "SOURCE_ROOT";
		};
		046D5C0F76C6505F61315751 = {
			isa = PBXFileReference;
			lastKnownFileType = sourcecode.cpp.cpp;
			name = Application.cpp;
			path = ../../Source/Application.cpp;
			sourceTree = "SOURCE_ROOT";
		};
		0B568AFAF9B9A115AFCBC767 = {
			isa = PBXFileReference;
			lastKnownFileType = sourcecode.cpp.cpp;
			name = PointObject.cpp;
			path = "../../Source/3d_objects/PointObject.cpp";
			sourceTree = "SOURCE_ROOT";
		};
		0C068F4E1E17EDD46722C7D2 = {
			isa = PBXFileReference;
			lastKnownFileType = file;
			name = "juce_gui_extra";
			path = "../../JuceLibraryCode/modules/juce_gui_extra";
			sourceTree = "SOURCE_ROOT";
		};
		0C98FF654491DBF3350F0F0A = {
			isa = PBXFileReference;
			lastKnownFileType = sourcecode.cpp.objcpp;
			name = "include_juce_cryptography.mm";
			path = "../../JuceLibraryCode/include_juce_cryptography.mm";
			sourceTree = "SOURCE_ROOT";
		};
		0D28173AB26ED37EF4F620F4 = {
			isa = PBXFileReference;
			lastKnownFileType = sourcecode.c.h;
			name = master.h;
			path = "../../Source/left_bar/receivers/capsules/master.h";
			sourceTree = "SOURCE_ROOT";
		};
		10C61F8439DB582768210259 = {
			isa = PBXFileReference;
			lastKnownFileType = sourcecode.c.h;
			name = TransportDisplay.h;
			path = ../../Source/UtilityComponents/TransportDisplay.h;
			sourceTree = "SOURCE_ROOT";
		};
		11541BAD58B7502DCBBCB73F = {
			isa = PBXFileReference;
			lastKnownFileType = wrapper.framework;
			name = OpenGL.framework;
			path = System/Library/Frameworks/OpenGL.framework;
			sourceTree = SDKROOT;
		};
		1204F135761BAD4716033A26 = {
			isa = PBXFileReference;
			lastKnownFileType = sourcecode.c.h;
			name = master.h;
			path = "../../Source/left_bar/sources/master.h";
			sourceTree = "SOURCE_ROOT";
		};
		1358CD20764CAFB524E30C9C = {
			isa = PBXFileReference;
			lastKnownFileType = sourcecode.c.h;
			name = "list_config_item.h";
			path = "../../Source/left_bar/list_config_item.h";
			sourceTree = "SOURCE_ROOT";
		};
		15143793623093141304067A = {
			isa = PBXFileReference;
			lastKnownFileType = sourcecode.cpp.cpp;
			name = "bottom_panel.cpp";
			path = "../../Source/left_bar/bottom_panel.cpp";
			sourceTree = "SOURCE_ROOT";
		};
		15C1832EC579E020A50AE2CD = {
			isa = PBXFileReference;
			lastKnownFileType = file;
			name = "juce_graphics";
			path = "../../JuceLibraryCode/modules/juce_graphics";
			sourceTree = "SOURCE_ROOT";
		};
		16604618925C78913A6D56D3 = {
			isa = PBXFileReference;
			lastKnownFileType = sourcecode.c.h;
			name = "vec3_property.h";
			path = "../../Source/left_bar/vec3_property.h";
			sourceTree = "SOURCE_ROOT";
		};
		16F1D1BAB769650F14912032 = {
			isa = PBXFileReference;
			lastKnownFileType = file.nib;
			name = RecentFilesMenuTemplate.nib;
			path = RecentFilesMenuTemplate.nib;
			sourceTree = "SOURCE_ROOT";
		};
		1AB067102ACDF806CF374747 = {
			isa = PBXFileReference;
			lastKnownFileType = sourcecode.cpp.cpp;
			name = "mesh_object.cpp";
			path = "../../Source/3d_objects/mesh_object.cpp";
			sourceTree = "SOURCE_ROOT";
		};
		1F0BD6E2A0D7A963370A5832 = {
			isa = PBXFileReference;
			lastKnownFileType = sourcecode.cpp.cpp;
			name = master.cpp;
			path = ../../Source/scene/master.cpp;
			sourceTree = "SOURCE_ROOT";
		};
		20AECE12157006F52B99E218 = {
			isa = PBXFileReference;
			lastKnownFileType = file;
			name = "juce_audio_formats";
			path = "../../JuceLibraryCode/modules/juce_audio_formats";
			sourceTree = "SOURCE_ROOT";
		};
		21A9EE02D89B848D52BF966F = {
			isa = PBXFileReference;
			lastKnownFileType = sourcecode.c.h;
			name = Playhead.h;
			path = ../../Source/UtilityComponents/Playhead.h;
			sourceTree = "SOURCE_ROOT";
		};
		2599C1568F90659C5F516139 = {
			isa = PBXFileReference;
			lastKnownFileType = sourcecode.c.h;
			name = "try_and_explain.h";
			path = "../../Source/try_and_explain.h";
			sourceTree = "SOURCE_ROOT";
		};
		25F3463304B3DB39D0EB206E = {
			isa = PBXFileReference;
			lastKnownFileType = file;
			name = "juce_audio_basics";
			path = "../../JuceLibraryCode/modules/juce_audio_basics";
			sourceTree = "SOURCE_ROOT";
		};
		279FE816638DCEB1CACD8946 = {
			isa = PBXFileReference;
			lastKnownFileType = sourcecode.c.h;
			name = CommandIDs.h;
			path = ../../Source/CommandIDs.h;
			sourceTree = "SOURCE_ROOT";
		};
		27B2A181E49A334C386DD3F6 = {
			isa = PBXFileReference;
			lastKnownFileType = sourcecode.cpp.cpp;
			name = "azimuth_elevation_property.cpp";
			path = "../../Source/left_bar/azimuth_elevation_property.cpp";
			sourceTree = "SOURCE_ROOT";
		};
		2A0D7188DB645C5CA827F9F1 = {
			isa = PBXFileReference;
			lastKnownFileType = image.png;
			name = wayverb.png;
			path = ../../wayverb.png;
			sourceTree = "SOURCE_ROOT";
		};
		2B8431674C91DBE3C8EA6A83 = {
			isa = PBXFileReference;
			lastKnownFileType = sourcecode.c.h;
			name = NumberEditor.h;
			path = ../../Source/UtilityComponents/NumberEditor.h;
			sourceTree = "SOURCE_ROOT";
		};
		2BDF521186CE2BA8777EA106 = {
			isa = PBXFileReference;
			lastKnownFileType = sourcecode.c.h;
			name = JuceHeader.h;
			path = ../../JuceLibraryCode/JuceHeader.h;
			sourceTree = "SOURCE_ROOT";
		};
		2E00BFFA95C89D4E14BCA33C = {
			isa = PBXFileReference;
			lastKnownFileType = sourcecode.cpp.cpp;
			name = "main_window.cpp";
			path = "../../Source/main_window.cpp";
			sourceTree = "SOURCE_ROOT";
		};
		2EAA0AC60B847F0C6A4F17A6 = {
			isa = PBXFileReference;
			lastKnownFileType = sourcecode.c.h;
			name = master.h;
			path = "../../Source/left_bar/master.h";
			sourceTree = "SOURCE_ROOT";
		};
		2ED5BEA38C829BF8DC6104BA = {
			isa = PBXFileReference;
			lastKnownFileType = sourcecode.cpp.cpp;
			name = FileDropComponent.cpp;
			path = ../../Source/UtilityComponents/FileDropComponent.cpp;
			sourceTree = "SOURCE_ROOT";
		};
		3280F3B9AADFB5E5036C5CC8 = {
			isa = PBXFileReference;
			lastKnownFileType = sourcecode.c.h;
			name = "mesh_object.h";
			path = "../../Source/3d_objects/mesh_object.h";
			sourceTree = "SOURCE_ROOT";
		};
		3316C563822C3F1D54317472 = {
			isa = PBXFileReference;
			lastKnownFileType = sourcecode.c.h;
			name = AngularLookAndFeel.h;
			path = ../../Source/UtilityComponents/AngularLookAndFeel.h;
			sourceTree = "SOURCE_ROOT";
		};
		334D4EBC49E6FC8599730F1C = {
			isa = PBXFileReference;
			lastKnownFileType = sourcecode.c.h;
			name = Transport.h;
			path = ../../Source/UtilityComponents/Transport.h;
			sourceTree = "SOURCE_ROOT";
		};
		348987B3EC1C409D354186D1 = {
			isa = PBXFileReference;
			lastKnownFileType = file;
			name = "juce_cryptography";
			path = "../../JuceLibraryCode/modules/juce_cryptography";
			sourceTree = "SOURCE_ROOT";
		};
		362B60DE6AC8087CC1CEFDDA = {
			isa = PBXFileReference;
			lastKnownFileType = wrapper.framework;
			name = Cocoa.framework;
			path = System/Library/Frameworks/Cocoa.framework;
			sourceTree = SDKROOT;
		};
		368B0446EFA74504FDD82BAA = {
			isa = PBXFileReference;
			lastKnownFileType = sourcecode.cpp.objcpp;
			name = "include_juce_graphics.mm";
			path = "../../JuceLibraryCode/include_juce_graphics.mm";
			sourceTree = "SOURCE_ROOT";
		};
		3A6FB56F1D241CB80D53144D = {
			isa = PBXFileReference;
			lastKnownFileType = sourcecode.cpp.cpp;
			name = PolarPatternDisplay.cpp;
			path = ../../Source/PolarPatternDisplay.cpp;
			sourceTree = "SOURCE_ROOT";
		};
		3B8181470F9BFE1CC3A0F409 = {
			isa = PBXFileReference;
			lastKnownFileType = sourcecode.cpp.cpp;
			name = master.cpp;
			path = "../../Source/left_bar/raytracer/master.cpp";
			sourceTree = "SOURCE_ROOT";
		};
		3CB7C5059765DA1CA1D1ABFC = {
			isa = PBXFileReference;
			lastKnownFileType = sourcecode.c.h;
			name = BasicDrawableObject.h;
			path = "../../Source/3d_objects/BasicDrawableObject.h";
			sourceTree = "SOURCE_ROOT";
		};
		3E75776F0E1EADC0287E453D = {
			isa = PBXFileReference;
			lastKnownFileType = sourcecode.cpp.objcpp;
			name = "include_juce_audio_formats.mm";
			path = "../../JuceLibraryCode/include_juce_audio_formats.mm";
			sourceTree = "SOURCE_ROOT";
		};
		3F630709114AB71C6F07F2FD = {
			isa = PBXFileReference;
			lastKnownFileType = sourcecode.cpp.objcpp;
			name = "include_juce_video.mm";
			path = "../../JuceLibraryCode/include_juce_video.mm";
			sourceTree = "SOURCE_ROOT";
		};
		4087BD679AF9F2A6C6262C7D = {
			isa = PBXFileReference;
			lastKnownFileType = sourcecode.c.h;
			name = "main_window.h";
			path = "../../Source/main_window.h";
			sourceTree = "SOURCE_ROOT";
		};
		4216628B7B36936C96DFCB3A = {
			isa = PBXFileReference;
			lastKnownFileType = sourcecode.c.h;
			name = PolarPatternDisplay.h;
			path = ../../Source/PolarPatternDisplay.h;
			sourceTree = "SOURCE_ROOT";
		};
		42ADB0B3457BFA8ACE1CF02A = {
			isa = PBXFileReference;
			lastKnownFileType = sourcecode.cpp.objcpp;
			name = "include_juce_audio_basics.mm";
			path = "../../JuceLibraryCode/include_juce_audio_basics.mm";
			sourceTree = "SOURCE_ROOT";
		};
		46376FEEF95A74DA4EEABB43 = {
			isa = PBXFileReference;
			lastKnownFileType = sourcecode.c.h;
			name = DefaultAudio.h;
			path = ../../Source/UtilityComponents/DefaultAudio.h;
			sourceTree = "SOURCE_ROOT";
		};
		463DAB9A50814008CC58122B = {
			isa = PBXFileReference;
			lastKnownFileType = sourcecode.cpp.objcpp;
			name = "include_juce_gui_extra.mm";
			path = "../../JuceLibraryCode/include_juce_gui_extra.mm";
			sourceTree = "SOURCE_ROOT";
		};
		473663851ACCC4535630FF8D = {
			isa = PBXFileReference;
			lastKnownFileType = sourcecode.cpp.cpp;
			name = BasicDrawableObject.cpp;
			path = "../../Source/3d_objects/BasicDrawableObject.cpp";
			sourceTree = "SOURCE_ROOT";
		};
		478F7802D39AE457B107B273 = {
			isa = PBXFileReference;
			lastKnownFileType = sourcecode.c.h;
			name = controller.h;
			path = ../../Source/scene/controller.h;
			sourceTree = "SOURCE_ROOT";
		};
		48DCB36D5C66459EBF26835F = {
			isa = PBXFileReference;
			explicitFileType = wrapper.application;
			includeInIndex = 0;
			path = wayverb.app;
			sourceTree = "BUILT_PRODUCTS_DIR";
		};
		4A6F704E84DB66035A1157FD = {
			isa = PBXFileReference;
			lastKnownFileType = sourcecode.c.h;
			name = master.h;
			path = "../../Source/left_bar/materials/master.h";
			sourceTree = "SOURCE_ROOT";
		};
		4ACA09BF1DD6579F765A4CBD = {
			isa = PBXFileReference;
			lastKnownFileType = sourcecode.cpp.cpp;
			name = master.cpp;
			path = "../../Source/left_bar/receivers/master.cpp";
			sourceTree = "SOURCE_ROOT";
		};
		4B110270C3E1DBBF5BDDC1B4 = {
			isa = PBXFileReference;
			lastKnownFileType = sourcecode.c.h;
			name = VUMeter.h;
			path = ../../Source/UtilityComponents/VUMeter.h;
			sourceTree = "SOURCE_ROOT";
		};
		4F5EBBCA746698918D584E2A = {
			isa = PBXFileReference;
			lastKnownFileType = sourcecode.c.h;
			name = "juce_range_utils.h";
			path = "../../Source/UtilityComponents/juce_range_utils.h";
			sourceTree = "SOURCE_ROOT";
		};
		530710B17098FF27583953C3 = {
			isa = PBXFileReference;
			lastKnownFileType = wrapper.framework;
			name = Carbon.framework;
			path = System/Library/Frameworks/Carbon.framework;
			sourceTree = SDKROOT;
		};
		53E29F8754160783298F9B3F = {
			isa = PBXFileReference;
			lastKnownFileType = wrapper.framework;
			name = Accelerate.framework;
			path = System/Library/Frameworks/Accelerate.framework;
			sourceTree = SDKROOT;
		};
		58859FAD714AA032D1F87CD8 = {
			isa = PBXFileReference;
			lastKnownFileType = sourcecode.c.h;
			name = "async_work_queue.h";
			path = "../../Source/UtilityComponents/async_work_queue.h";
			sourceTree = "SOURCE_ROOT";
		};
		5932C46C509AB368F2AECF6D = {
			isa = PBXFileReference;
			lastKnownFileType = sourcecode.c.h;
			name = connector.h;
			path = ../../Source/UtilityComponents/connector.h;
			sourceTree = "SOURCE_ROOT";
		};
		5D60DC8DBCA50E880502AC6F = {
			isa = PBXFileReference;
			lastKnownFileType = sourcecode.cpp.cpp;
			name = GainSlider.cpp;
			path = ../../Source/UtilityComponents/GainSlider.cpp;
			sourceTree = "SOURCE_ROOT";
		};
		5E51260EAB8B2477A103B694 = {
			isa = PBXFileReference;
			lastKnownFileType = sourcecode.cpp.objcpp;
			name = "include_juce_data_structures.mm";
			path = "../../JuceLibraryCode/include_juce_data_structures.mm";
			sourceTree = "SOURCE_ROOT";
		};
		5E6883EC401148FEF82E34DF = {
			isa = PBXFileReference;
			lastKnownFileType = sourcecode.c.h;
			name = view.h;
			path = ../../Source/scene/view.h;
			sourceTree = "SOURCE_ROOT";
		};
		62F6AAD1D5D33248FC45438E = {
			isa = PBXFileReference;
			lastKnownFileType = sourcecode.cpp.cpp;
			name = PlaybackViewManager.cpp;
			path = ../../Source/UtilityComponents/PlaybackViewManager.cpp;
			sourceTree = "SOURCE_ROOT";
		};
		6355E591166EB7AC3526BF9E = {
			isa = PBXFileReference;
			lastKnownFileType = sourcecode.cpp.cpp;
			name = Playhead.cpp;
			path = ../../Source/UtilityComponents/Playhead.cpp;
			sourceTree = "SOURCE_ROOT";
		};
		63E100E5518E03D9AF03B1C9 = {
			isa = PBXFileReference;
			lastKnownFileType = file;
			name = "juce_data_structures";
			path = "../../JuceLibraryCode/modules/juce_data_structures";
			sourceTree = "SOURCE_ROOT";
		};
		6AA7DC85F2F981EB2A1E8058 = {
			isa = PBXFileReference;
			lastKnownFileType = sourcecode.cpp.cpp;
			name = MainContentComponent.cpp;
			path = ../../Source/MainContentComponent.cpp;
			sourceTree = "SOURCE_ROOT";
		};
		6C8EEAE03D40BA0263CA692D = {
			isa = PBXFileReference;
			lastKnownFileType = sourcecode.cpp.cpp;
			name = "multi_material_object.cpp";
			path = "../../Source/3d_objects/multi_material_object.cpp";
			sourceTree = "SOURCE_ROOT";
		};
		6C922017AA8F99A1C8D51685 = {
			isa = PBXFileReference;
			lastKnownFileType = sourcecode.cpp.objcpp;
			name = "include_juce_core.mm";
			path = "../../JuceLibraryCode/include_juce_core.mm";
			sourceTree = "SOURCE_ROOT";
		};
		6CFAAB34E92C2396BBDAE15C = {
			isa = PBXFileReference;
			lastKnownFileType = sourcecode.c.h;
			name = "generic_slider_property.h";
			path = "../../Source/generic_slider_property.h";
			sourceTree = "SOURCE_ROOT";
		};
		6D229E2E519ECE30E05CD3B8 = {
			isa = PBXFileReference;
			lastKnownFileType = sourcecode.cpp.cpp;
			name = "text_property.cpp";
			path = "../../Source/text_property.cpp";
			sourceTree = "SOURCE_ROOT";
		};
		6E2033478DF6620E4BEF65FF = {
			isa = PBXFileReference;
			lastKnownFileType = sourcecode.cpp.cpp;
			name = "main_model.cpp";
			path = "../../Source/main_model.cpp";
			sourceTree = "SOURCE_ROOT";
		};
		6E6D59B5AA7F160D2CC540D1 = {
			isa = PBXFileReference;
			lastKnownFileType = sourcecode.c.h;
			name = BoxObject.h;
			path = "../../Source/3d_objects/BoxObject.h";
			sourceTree = "SOURCE_ROOT";
		};
		725B0EF38D02EE53142085DA = {
			isa = PBXFileReference;
			lastKnownFileType = wrapper.framework;
			name = OpenCL.framework;
			path = System/Library/Frameworks/OpenCL.framework;
			sourceTree = SDKROOT;
		};
		72682D5667321938BBF45342 = {
			isa = PBXFileReference;
			lastKnownFileType = sourcecode.cpp.cpp;
			name = LoadWindow.cpp;
			path = ../../Source/UtilityComponents/LoadWindow.cpp;
			sourceTree = "SOURCE_ROOT";
		};
		749DB489A15CE0A056AD2C82 = {
			isa = PBXFileReference;
			lastKnownFileType = sourcecode.c.h;
			name = "azimuth_elevation_property.h";
			path = "../../Source/left_bar/azimuth_elevation_property.h";
			sourceTree = "SOURCE_ROOT";
		};
		75D98EFFD319DE9275ED4644 = {
			isa = PBXFileReference;
			lastKnownFileType = sourcecode.c.h;
			name = "modal_dialog.h";
			path = "../../Source/UtilityComponents/modal_dialog.h";
			sourceTree = "SOURCE_ROOT";
		};
		7673379999BF62742863565C = {
			isa = PBXFileReference;
			lastKnownFileType = sourcecode.cpp.objcpp;
			name = "include_juce_audio_processors.mm";
			path = "../../JuceLibraryCode/include_juce_audio_processors.mm";
			sourceTree = "SOURCE_ROOT";
		};
		7675F765B47D53D1ACF79046 = {
			isa = PBXFileReference;
			lastKnownFileType = sourcecode.c.h;
			name = StoredSettings.h;
			path = ../../Source/UtilityComponents/StoredSettings.h;
			sourceTree = "SOURCE_ROOT";
		};
		77C9C7D358BDDECD0DEB2714 = {
			isa = PBXFileReference;
			lastKnownFileType = sourcecode.c.h;
			name = LoadWindow.h;
			path = ../../Source/UtilityComponents/LoadWindow.h;
			sourceTree = "SOURCE_ROOT";
		};
		7A53008C47E2E3A26AE22C80 = {
			isa = PBXFileReference;
			lastKnownFileType = sourcecode.cpp.cpp;
			name = view.cpp;
			path = ../../Source/scene/view.cpp;
			sourceTree = "SOURCE_ROOT";
		};
		7B9EF55B59C81EA02EB87305 = {
			isa = PBXFileReference;
			lastKnownFileType = file;
			name = "juce_gui_basics";
			path = "../../JuceLibraryCode/modules/juce_gui_basics";
			sourceTree = "SOURCE_ROOT";
		};
		7BA99B9BFF1BA1BB988C3906 = {
			isa = PBXFileReference;
			lastKnownFileType = sourcecode.c.h;
			name = BinaryData.h;
			path = ../../JuceLibraryCode/BinaryData.h;
			sourceTree = "SOURCE_ROOT";
		};
		7BB0BEB681D81797C2EEB5F7 = {
			isa = PBXFileReference;
			lastKnownFileType = sourcecode.c.h;
			name = "reflections_object.h";
			path = "../../Source/3d_objects/reflections_object.h";
			sourceTree = "SOURCE_ROOT";
		};
		7BD69CDD06A0C9D0C533154B = {
			isa = PBXFileReference;
			lastKnownFileType = sourcecode.cpp.cpp;
			name = master.cpp;
			path = "../../Source/left_bar/master.cpp";
			sourceTree = "SOURCE_ROOT";
		};
		7CD6D6F2EBF653C26C12B1A7 = {
			isa = PBXFileReference;
			lastKnownFileType = sourcecode.c.h;
			name = PointObject.h;
			path = "../../Source/3d_objects/PointObject.h";
			sourceTree = "SOURCE_ROOT";
		};
		7CE7C7775F8D70694BA9BC5E = {
			isa = PBXFileReference;
			lastKnownFileType = text.plist.xml;
			name = "Info-App.plist";
			path = "Info-App.plist";
			sourceTree = "SOURCE_ROOT";
		};
		7D7CAD8B76FABC392009F068 = {
			isa = PBXFileReference;
			lastKnownFileType = sourcecode.c.h;
			name = PlaybackViewManager.h;
			path = ../../Source/UtilityComponents/PlaybackViewManager.h;
			sourceTree = "SOURCE_ROOT";
		};
		7DE6FA58B6B12B6F8991ED94 = {
			isa = PBXFileReference;
			lastKnownFileType = sourcecode.c.h;
			name = "threaded_queue.h";
			path = "../../Source/UtilityComponents/threaded_queue.h";
			sourceTree = "SOURCE_ROOT";
		};
		7F3EBAC6B24AB98C4378B72D = {
			isa = PBXFileReference;
			lastKnownFileType = sourcecode.cpp.objcpp;
			name = "include_juce_opengl.mm";
			path = "../../JuceLibraryCode/include_juce_opengl.mm";
			sourceTree = "SOURCE_ROOT";
		};
		81459CEED2A83AA2C6F6239C = {
			isa = PBXFileReference;
			lastKnownFileType = sourcecode.c.h;
			name = master.h;
			path = "../../Source/left_bar/waveguide/master.h";
			sourceTree = "SOURCE_ROOT";
		};
		814D2995F56E5AE61CE98886 = {
			isa = PBXFileReference;
			lastKnownFileType = file;
			name = "juce_core";
			path = "../../JuceLibraryCode/modules/juce_core";
			sourceTree = "SOURCE_ROOT";
		};
		83433C403E70D8982B9028CA = {
			isa = PBXFileReference;
			lastKnownFileType = sourcecode.c.h;
			name = "main_model.h";
			path = "../../Source/main_model.h";
			sourceTree = "SOURCE_ROOT";
		};
		863F9C43E38A55D8E3E636F6 = {
			isa = PBXFileReference;
			lastKnownFileType = sourcecode.c.h;
			name = AxesObject.h;
			path = "../../Source/3d_objects/AxesObject.h";
			sourceTree = "SOURCE_ROOT";
		};
		890E266AC6BF3163ED8285C2 = {
			isa = PBXFileReference;
			lastKnownFileType = sourcecode.cpp.cpp;
			name = master.cpp;
			path = "../../Source/left_bar/receivers/capsules/master.cpp";
			sourceTree = "SOURCE_ROOT";
		};
		8E5305517ED498925302D4AE = {
			isa = PBXFileReference;
			lastKnownFileType = file.icns;
			name = Icon.icns;
			path = Icon.icns;
			sourceTree = "SOURCE_ROOT";
		};
		8FE3E83AE5DE577DD6904695 = {
			isa = PBXFileReference;
			lastKnownFileType = sourcecode.cpp.cpp;
			name = TransportDisplay.cpp;
			path = ../../Source/UtilityComponents/TransportDisplay.cpp;
			sourceTree = "SOURCE_ROOT";
		};
		90F3E159212F7F2C097A1807 = {
			isa = PBXFileReference;
			lastKnownFileType = sourcecode.cpp.cpp;
			name = BinaryData.cpp;
			path = ../../JuceLibraryCode/BinaryData.cpp;
			sourceTree = "SOURCE_ROOT";
		};
		92565BCAD9639909B99066D1 = {
			isa = PBXFileReference;
			lastKnownFileType = sourcecode.c.h;
			name = "multi_material_object.h";
			path = "../../Source/3d_objects/multi_material_object.h";
			sourceTree = "SOURCE_ROOT";
		};
		92B658BA979682D0071D86BD = {
			isa = PBXFileReference;
			lastKnownFileType = sourcecode.cpp.cpp;
			name = Transport.cpp;
			path = ../../Source/UtilityComponents/Transport.cpp;
			sourceTree = "SOURCE_ROOT";
		};
		9C880217242E5B4EEEDF5AC2 = {
			isa = PBXFileReference;
			lastKnownFileType = sourcecode.cpp.cpp;
			name = "slider_property.cpp";
			path = "../../Source/left_bar/slider_property.cpp";
			sourceTree = "SOURCE_ROOT";
		};
		9D2B1ECCF34627097D82554C = {
			isa = PBXFileReference;
			lastKnownFileType = sourcecode.c.h;
			name = "text_property.h";
			path = "../../Source/text_property.h";
			sourceTree = "SOURCE_ROOT";
		};
		9EB93FF03B1888D37650913B = {
			isa = PBXFileReference;
			lastKnownFileType = wrapper.framework;
			name = IOKit.framework;
			path = System/Library/Frameworks/IOKit.framework;
			sourceTree = SDKROOT;
		};
		A0DDD76ECE80435EBEE1E11B = {
			isa = PBXFileReference;
			lastKnownFileType = sourcecode.c.h;
			name = "bottom_panel.h";
			path = "../../Source/left_bar/bottom_panel.h";
			sourceTree = "SOURCE_ROOT";
		};
		A10F8DEFC5DBB8A7AC0A2E8F = {
			isa = PBXFileReference;
			lastKnownFileType = file;
			name = "juce_events";
			path = "../../JuceLibraryCode/modules/juce_events";
			sourceTree = "SOURCE_ROOT";
		};
		A1AACA38CB6EBF29E0368B49 = {
			isa = PBXFileReference;
			lastKnownFileType = sourcecode.cpp.objcpp;
			name = "include_juce_audio_devices.mm";
			path = "../../JuceLibraryCode/include_juce_audio_devices.mm";
			sourceTree = "SOURCE_ROOT";
		};
		A27B2BCAA3883BB525E405D8 = {
			isa = PBXFileReference;
			lastKnownFileType = sourcecode.c.h;
			name = master.h;
			path = "../../Source/left_bar/raytracer/master.h";
			sourceTree = "SOURCE_ROOT";
		};
		A69A57198A657CFC45ECAECB = {
			isa = PBXFileReference;
			lastKnownFileType = sourcecode.cpp.cpp;
			name = BareBonesVUMeter.cpp;
			path = ../../Source/UtilityComponents/BareBonesVUMeter.cpp;
			sourceTree = "SOURCE_ROOT";
		};
		A991DE91864B48C008A4B9CD = {
			isa = PBXFileReference;
			lastKnownFileType = sourcecode.cpp.cpp;
			name = VUMeter.cpp;
			path = ../../Source/UtilityComponents/VUMeter.cpp;
			sourceTree = "SOURCE_ROOT";
		};
		A9D70163FAE4A1FC3FB3634D = {
			isa = PBXFileReference;
			lastKnownFileType = sourcecode.cpp.cpp;
			name = LitSceneShader.cpp;
			path = "../../Source/3d_objects/LitSceneShader.cpp";
			sourceTree = "SOURCE_ROOT";
		};
		AA227D9C0F29C0143E0B75DD = {
			isa = PBXFileReference;
			lastKnownFileType = sourcecode.cpp.cpp;
			name = master.cpp;
			path = "../../Source/left_bar/materials/master.cpp";
			sourceTree = "SOURCE_ROOT";
		};
		ABDEE2291444009F987B052B = {
			isa = PBXFileReference;
			lastKnownFileType = file;
			name = "juce_opengl";
			path = "../../JuceLibraryCode/modules/juce_opengl";
			sourceTree = "SOURCE_ROOT";
		};
		AC3C4EE2455C21BA13834B1E = {
			isa = PBXFileReference;
			lastKnownFileType = wrapper.framework;
			name = CoreMedia.framework;
			path = System/Library/Frameworks/CoreMedia.framework;
			sourceTree = SDKROOT;
		};
		AF035DF4E483D28FF66D0D07 = {
			isa = PBXFileReference;
			lastKnownFileType = sourcecode.cpp.cpp;
			name = master.cpp;
			path = "../../Source/left_bar/sources/master.cpp";
			sourceTree = "SOURCE_ROOT";
		};
		B18C46392A4417AEE694113A = {
			isa = PBXFileReference;
			lastKnownFileType = wrapper.framework;
			name = CoreAudio.framework;
			path = System/Library/Frameworks/CoreAudio.framework;
			sourceTree = SDKROOT;
		};
		B307DF2F0E3B8C35A6890E7F = {
			isa = PBXFileReference;
			lastKnownFileType = wrapper.framework;
			name = CoreMIDI.framework;
			path = System/Library/Frameworks/CoreMIDI.framework;
			sourceTree = SDKROOT;
		};
		B6DEB3FBF7C56D1A02A3036D = {
			isa = PBXFileReference;
			lastKnownFileType = sourcecode.cpp.cpp;
			name = DefaultAudio.cpp;
			path = ../../Source/UtilityComponents/DefaultAudio.cpp;
			sourceTree = "SOURCE_ROOT";
		};
		B70B7B8C77AA569694C73914 = {
			isa = PBXFileReference;
			lastKnownFileType = sourcecode.c.h;
			name = Application.h;
			path = ../../Source/Application.h;
			sourceTree = "SOURCE_ROOT";
		};
		B7280202A04F7F49C11FEFBB = {
			isa = PBXFileReference;
			lastKnownFileType = wrapper.framework;
			name = AudioToolbox.framework;
			path = System/Library/Frameworks/AudioToolbox.framework;
			sourceTree = SDKROOT;
		};
		B878DE7DDF14C25665A60FF8 = {
			isa = PBXFileReference;
			lastKnownFileType = wrapper.framework;
			name = AVFoundation.framework;
			path = System/Library/Frameworks/AVFoundation.framework;
			sourceTree = SDKROOT;
		};
		BBEB3085A0168E087E75D232 = {
			isa = PBXFileReference;
			lastKnownFileType = sourcecode.c.h;
			name = master.h;
			path = ../../Source/output/master.h;
			sourceTree = "SOURCE_ROOT";
		};
		BC42ED13AB46F4C4D6970959 = {
			isa = PBXFileReference;
			lastKnownFileType = sourcecode.c.h;
			name = "generic_combo_box_property.h";
			path = "../../Source/generic_combo_box_property.h";
			sourceTree = "SOURCE_ROOT";
		};
		C23B2EB99FB86C8775FDD375 = {
			isa = PBXFileReference;
			lastKnownFileType = sourcecode.c.h;
			name = GainSlider.h;
			path = ../../Source/UtilityComponents/GainSlider.h;
			sourceTree = "SOURCE_ROOT";
		};
		C2F77C74E6D2C8087BD442B7 = {
			isa = PBXFileReference;
			lastKnownFileType = sourcecode.c.h;
			name = "generic_renderer.h";
			path = "../../Source/UtilityComponents/generic_renderer.h";
			sourceTree = "SOURCE_ROOT";
		};
		C8EF685E236601B1F139F9E5 = {
			isa = PBXFileReference;
			lastKnownFileType = sourcecode.c.h;
			name = AppConfig.h;
			path = ../../JuceLibraryCode/AppConfig.h;
			sourceTree = "SOURCE_ROOT";
		};
		C8F9084CFACC5644BCD658D7 = {
			isa = PBXFileReference;
			lastKnownFileType = sourcecode.cpp.cpp;
			name = master.cpp;
			path = "../../Source/left_bar/waveguide/master.cpp";
			sourceTree = "SOURCE_ROOT";
		};
		C9C620C0D5EF453C317035BF = {
			isa = PBXFileReference;
			lastKnownFileType = sourcecode.c.h;
			name = LitSceneShader.h;
			path = "../../Source/3d_objects/LitSceneShader.h";
			sourceTree = "SOURCE_ROOT";
		};
		CB2CDB7270C4BB3367B1F1AD = {
			isa = PBXFileReference;
			lastKnownFileType = sourcecode.cpp.cpp;
			name = master.cpp;
			path = ../../Source/output/master.cpp;
			sourceTree = "SOURCE_ROOT";
		};
		CBA6C3AB6CFA0EAEB3D0355F = {
			isa = PBXFileReference;
			lastKnownFileType = sourcecode.c.h;
			name = "vector_list_box.h";
			path = "../../Source/left_bar/vector_list_box.h";
			sourceTree = "SOURCE_ROOT";
		};
		CDF5FA92ED317942742A02AD = {
			isa = PBXFileReference;
			lastKnownFileType = wrapper.framework;
			name = AVKit.framework;
			path = System/Library/Frameworks/AVKit.framework;
			sourceTree = SDKROOT;
		};
		D04A531A10E80B85D63F4CD2 = {
			isa = PBXFileReference;
			lastKnownFileType = sourcecode.cpp.cpp;
			name = StoredSettings.cpp;
			path = ../../Source/UtilityComponents/StoredSettings.cpp;
			sourceTree = "SOURCE_ROOT";
		};
		D548FC9477D06C9BD4D501C0 = {
			isa = PBXFileReference;
			lastKnownFileType = sourcecode.cpp.cpp;
			name = "reflections_object.cpp";
			path = "../../Source/3d_objects/reflections_object.cpp";
			sourceTree = "SOURCE_ROOT";
		};
		D56630A1D0B4DBE1F51337F4 = {
			isa = PBXFileReference;
			lastKnownFileType = sourcecode.cpp.cpp;
			name = Ruler.cpp;
			path = ../../Source/UtilityComponents/Ruler.cpp;
			sourceTree = "SOURCE_ROOT";
		};
		D7DF59F9BC30C7E4505C2813 = {
			isa = PBXFileReference;
			lastKnownFileType = sourcecode.cpp.objcpp;
			name = "include_juce_gui_basics.mm";
			path = "../../JuceLibraryCode/include_juce_gui_basics.mm";
			sourceTree = "SOURCE_ROOT";
		};
		D82354CA3A33B133CE60BAE8 = {
			isa = PBXFileReference;
			lastKnownFileType = sourcecode.cpp.cpp;
			name = controller.cpp;
			path = ../../Source/scene/controller.cpp;
			sourceTree = "SOURCE_ROOT";
		};
		DB65DC22E5619DEE668EF9C7 = {
			isa = PBXFileReference;
			lastKnownFileType = sourcecode.c.h;
			name = "slider_property.h";
			path = "../../Source/left_bar/slider_property.h";
			sourceTree = "SOURCE_ROOT";
		};
		DC601A9324F444CEF91DA8CF = {
			isa = PBXFileReference;
			lastKnownFileType = sourcecode.c.h;
			name = "generic_property_component.h";
			path = "../../Source/generic_property_component.h";
			sourceTree = "SOURCE_ROOT";
		};
		DFCE3759613C6B9E0338CCDE = {
			isa = PBXFileReference;
			lastKnownFileType = sourcecode.c.h;
			name = master.h;
			path = "../../Source/left_bar/receivers/master.h";
			sourceTree = "SOURCE_ROOT";
		};
		E1EA7CF4D3015ECDB0ABE746 = {
			isa = PBXFileReference;
			lastKnownFileType = file;
			name = "juce_video";
			path = "../../JuceLibraryCode/modules/juce_video";
			sourceTree = "SOURCE_ROOT";
		};
		E3CDF86B5799B2CF6308E08C = {
			isa = PBXFileReference;
			lastKnownFileType = sourcecode.cpp.cpp;
			name = AngularLookAndFeel.cpp;
			path = ../../Source/UtilityComponents/AngularLookAndFeel.cpp;
			sourceTree = "SOURCE_ROOT";
		};
		E7B6E67FD8E4F997E618E86D = {
			isa = PBXFileReference;
			lastKnownFileType = sourcecode.c.h;
			name = MainContentComponent.h;
			path = ../../Source/MainContentComponent.h;
			sourceTree = "SOURCE_ROOT";
		};
		E9AF86992812320A56094212 = {
			isa = PBXFileReference;
			lastKnownFileType = sourcecode.c.h;
			name = "heading_component.h";
			path = "../../Source/left_bar/heading_component.h";
			sourceTree = "SOURCE_ROOT";
		};
		E9D60500B6EB222A21B5F9AD = {
			isa = PBXFileReference;
			lastKnownFileType = sourcecode.cpp.objcpp;
			name = "include_juce_events.mm";
			path = "../../JuceLibraryCode/include_juce_events.mm";
			sourceTree = "SOURCE_ROOT";
		};
		F0CF32634E3A4ABDB3B25746 = {
			isa = PBXFileReference;
			lastKnownFileType = sourcecode.cpp.cpp;
			name = "async_work_queue.cpp";
			path = "../../Source/UtilityComponents/async_work_queue.cpp";
			sourceTree = "SOURCE_ROOT";
		};
		F1FB7838F44F6F31B1C4AC73 = {
			isa = PBXFileReference;
			lastKnownFileType = sourcecode.cpp.cpp;
			name = "vec3_property.cpp";
			path = "../../Source/left_bar/vec3_property.cpp";
			sourceTree = "SOURCE_ROOT";
		};
		F2093CB8BD444927470F2BE7 = {
			isa = PBXFileReference;
			lastKnownFileType = wrapper.framework;
			name = WebKit.framework;
			path = System/Library/Frameworks/WebKit.framework;
			sourceTree = SDKROOT;
		};
		F2DB138BCF373563706AFD18 = {
			isa = PBXFileReference;
			lastKnownFileType = file;
			name = "juce_audio_devices";
			path = "../../JuceLibraryCode/modules/juce_audio_devices";
			sourceTree = "SOURCE_ROOT";
		};
		F463BCE9F3AFC74B68C893A8 = {
			isa = PBXFileReference;
			lastKnownFileType = sourcecode.c.h;
			name = FileDropComponent.h;
			path = ../../Source/UtilityComponents/FileDropComponent.h;
			sourceTree = "SOURCE_ROOT";
		};
		FABC13303F5A3DD4C59C0EC3 = {
			isa = PBXFileReference;
			lastKnownFileType = file;
			name = "juce_audio_processors";
			path = "../../JuceLibraryCode/modules/juce_audio_processors";
			sourceTree = "SOURCE_ROOT";
		};
		FB7F0094374B4DCD6CAE120C = {
			isa = PBXFileReference;
			lastKnownFileType = sourcecode.c.h;
			name = "editable_vector_list_box.h";
			path = "../../Source/left_bar/editable_vector_list_box.h";
			sourceTree = "SOURCE_ROOT";
		};
		FB8F15A5EBF7080FEAC87C9A = {
			isa = PBXFileReference;
			lastKnownFileType = sourcecode.c.h;
			name = master.h;
			path = ../../Source/scene/master.h;
			sourceTree = "SOURCE_ROOT";
		};
		FCEDE51FA632B9232C96C64F = {
			isa = PBXFileReference;
			lastKnownFileType = wrapper.framework;
			name = QuartzCore.framework;
			path = System/Library/Frameworks/QuartzCore.framework;
			sourceTree = SDKROOT;
		};
		FE500693BC7243E0197C3C39 = {
			isa = PBXFileReference;
			lastKnownFileType = sourcecode.c.h;
			name = Ruler.h;
			path = ../../Source/UtilityComponents/Ruler.h;
			sourceTree = "SOURCE_ROOT";
		};
		AF062E7082C29337D54D60C4 = {
			isa = PBXGroup;
			children = (
				863F9C43E38A55D8E3E636F6,
				473663851ACCC4535630FF8D,
				3CB7C5059765DA1CA1D1ABFC,
				6E6D59B5AA7F160D2CC540D1,
				A9D70163FAE4A1FC3FB3634D,
				C9C620C0D5EF453C317035BF,
				1AB067102ACDF806CF374747,
				3280F3B9AADFB5E5036C5CC8,
				6C8EEAE03D40BA0263CA692D,
				92565BCAD9639909B99066D1,
				0B568AFAF9B9A115AFCBC767,
				7CD6D6F2EBF653C26C12B1A7,
				D548FC9477D06C9BD4D501C0,
				7BB0BEB681D81797C2EEB5F7,
			);
			name = "3d_objects";
			sourceTree = "<group>";
		};
		95F7BE3FD1E94D17A10750A8 = {
			isa = PBXGroup;
			children = (
				AA227D9C0F29C0143E0B75DD,
				4A6F704E84DB66035A1157FD,
			);
			name = materials;
			sourceTree = "<group>";
		};
		032BEDFF8541A34BF4E8BD16 = {
			isa = PBXGroup;
			children = (
				3B8181470F9BFE1CC3A0F409,
				A27B2BCAA3883BB525E405D8,
			);
			name = raytracer;
			sourceTree = "<group>";
		};
		3C709FC9F5F47DAC49C8F393 = {
			isa = PBXGroup;
			children = (
				890E266AC6BF3163ED8285C2,
				0D28173AB26ED37EF4F620F4,
			);
			name = capsules;
			sourceTree = "<group>";
		};
		BB3319A080087CE7638AF26B = {
			isa = PBXGroup;
			children = (
				3C709FC9F5F47DAC49C8F393,
				4ACA09BF1DD6579F765A4CBD,
				DFCE3759613C6B9E0338CCDE,
			);
			name = receivers;
			sourceTree = "<group>";
		};
		F496F0831F714D9C96437FCE = {
			isa = PBXGroup;
			children = (
				AF035DF4E483D28FF66D0D07,
				1204F135761BAD4716033A26,
			);
			name = sources;
			sourceTree = "<group>";
		};
		90A4A49370DC1990C0CB6849 = {
			isa = PBXGroup;
			children = (
				C8F9084CFACC5644BCD658D7,
				81459CEED2A83AA2C6F6239C,
			);
			name = waveguide;
			sourceTree = "<group>";
		};
		D9216057855DA5D0F154DE04 = {
			isa = PBXGroup;
			children = (
				95F7BE3FD1E94D17A10750A8,
				032BEDFF8541A34BF4E8BD16,
				BB3319A080087CE7638AF26B,
				F496F0831F714D9C96437FCE,
				90A4A49370DC1990C0CB6849,
				27B2A181E49A334C386DD3F6,
				749DB489A15CE0A056AD2C82,
				15143793623093141304067A,
				A0DDD76ECE80435EBEE1E11B,
				FB7F0094374B4DCD6CAE120C,
				E9AF86992812320A56094212,
				1358CD20764CAFB524E30C9C,
				7BD69CDD06A0C9D0C533154B,
				2EAA0AC60B847F0C6A4F17A6,
				9C880217242E5B4EEEDF5AC2,
				DB65DC22E5619DEE668EF9C7,
				F1FB7838F44F6F31B1C4AC73,
				16604618925C78913A6D56D3,
				CBA6C3AB6CFA0EAEB3D0355F,
			);
			name = "left_bar";
			sourceTree = "<group>";
		};
		D28B3875E2A21FF89502A2B5 = {
			isa = PBXGroup;
			children = (
				CB2CDB7270C4BB3367B1F1AD,
				BBEB3085A0168E087E75D232,
			);
			name = output;
			sourceTree = "<group>";
		};
		DED71D09B455D4511CAE47AD = {
			isa = PBXGroup;
			children = (
				D82354CA3A33B133CE60BAE8,
				478F7802D39AE457B107B273,
				1F0BD6E2A0D7A963370A5832,
				FB8F15A5EBF7080FEAC87C9A,
				7A53008C47E2E3A26AE22C80,
				5E6883EC401148FEF82E34DF,
			);
			name = scene;
			sourceTree = "<group>";
		};
		9AF30E52057D9E32C8DC83AF = {
			isa = PBXGroup;
			children = (
				E3CDF86B5799B2CF6308E08C,
				3316C563822C3F1D54317472,
				F0CF32634E3A4ABDB3B25746,
				58859FAD714AA032D1F87CD8,
				A69A57198A657CFC45ECAECB,
				036C06FA071891A233BD93A7,
				5932C46C509AB368F2AECF6D,
				B6DEB3FBF7C56D1A02A3036D,
				46376FEEF95A74DA4EEABB43,
				2ED5BEA38C829BF8DC6104BA,
				F463BCE9F3AFC74B68C893A8,
				5D60DC8DBCA50E880502AC6F,
				C23B2EB99FB86C8775FDD375,
				C2F77C74E6D2C8087BD442B7,
				4F5EBBCA746698918D584E2A,
				72682D5667321938BBF45342,
				77C9C7D358BDDECD0DEB2714,
				75D98EFFD319DE9275ED4644,
				2B8431674C91DBE3C8EA6A83,
				62F6AAD1D5D33248FC45438E,
				7D7CAD8B76FABC392009F068,
				6355E591166EB7AC3526BF9E,
				21A9EE02D89B848D52BF966F,
				D56630A1D0B4DBE1F51337F4,
				FE500693BC7243E0197C3C39,
				D04A531A10E80B85D63F4CD2,
				7675F765B47D53D1ACF79046,
				7DE6FA58B6B12B6F8991ED94,
				92B658BA979682D0071D86BD,
				334D4EBC49E6FC8599730F1C,
				8FE3E83AE5DE577DD6904695,
				10C61F8439DB582768210259,
				A991DE91864B48C008A4B9CD,
				4B110270C3E1DBBF5BDDC1B4,
			);
			name = UtilityComponents;
			sourceTree = "<group>";
		};
		2091DFBB9E6212F1FBF42D85 = {
			isa = PBXGroup;
			children = (
				AF062E7082C29337D54D60C4,
				D9216057855DA5D0F154DE04,
				D28B3875E2A21FF89502A2B5,
				DED71D09B455D4511CAE47AD,
				9AF30E52057D9E32C8DC83AF,
				046D5C0F76C6505F61315751,
				B70B7B8C77AA569694C73914,
				279FE816638DCEB1CACD8946,
				BC42ED13AB46F4C4D6970959,
				DC601A9324F444CEF91DA8CF,
				6CFAAB34E92C2396BBDAE15C,
				6E2033478DF6620E4BEF65FF,
				83433C403E70D8982B9028CA,
				2E00BFFA95C89D4E14BCA33C,
				4087BD679AF9F2A6C6262C7D,
				6AA7DC85F2F981EB2A1E8058,
				E7B6E67FD8E4F997E618E86D,
				3A6FB56F1D241CB80D53144D,
				4216628B7B36936C96DFCB3A,
				6D229E2E519ECE30E05CD3B8,
				9D2B1ECCF34627097D82554C,
				2599C1568F90659C5F516139,
			);
			name = Source;
			sourceTree = "<group>";
		};
		662C205612407BF706C1BB27 = {
			isa = PBXGroup;
			children = (
				2091DFBB9E6212F1FBF42D85,
				2A0D7188DB645C5CA827F9F1,
			);
			name = wayverb;
			sourceTree = "<group>";
		};
		85E8C2B27D73A59C921B8905 = {
			isa = PBXGroup;
			children = (
				25F3463304B3DB39D0EB206E,
				F2DB138BCF373563706AFD18,
				20AECE12157006F52B99E218,
				FABC13303F5A3DD4C59C0EC3,
				814D2995F56E5AE61CE98886,
				348987B3EC1C409D354186D1,
				63E100E5518E03D9AF03B1C9,
				A10F8DEFC5DBB8A7AC0A2E8F,
				15C1832EC579E020A50AE2CD,
				7B9EF55B59C81EA02EB87305,
				0C068F4E1E17EDD46722C7D2,
				ABDEE2291444009F987B052B,
				E1EA7CF4D3015ECDB0ABE746,
			);
			name = "JUCE Modules";
			sourceTree = "<group>";
		};
		7FC60C4EA07D5C0E0A62EFDD = {
			isa = PBXGroup;
			children = (
				C8EF685E236601B1F139F9E5,
				90F3E159212F7F2C097A1807,
				7BA99B9BFF1BA1BB988C3906,
				42ADB0B3457BFA8ACE1CF02A,
				A1AACA38CB6EBF29E0368B49,
				3E75776F0E1EADC0287E453D,
				7673379999BF62742863565C,
				6C922017AA8F99A1C8D51685,
				0C98FF654491DBF3350F0F0A,
				5E51260EAB8B2477A103B694,
				E9D60500B6EB222A21B5F9AD,
				368B0446EFA74504FDD82BAA,
				D7DF59F9BC30C7E4505C2813,
				463DAB9A50814008CC58122B,
				7F3EBAC6B24AB98C4378B72D,
				3F630709114AB71C6F07F2FD,
				2BDF521186CE2BA8777EA106,
			);
			name = "JUCE Library Code";
			sourceTree = "<group>";
		};
		B9C80B8E79BC33646AD0BD15 = {
			isa = PBXGroup;
			children = (
				7CE7C7775F8D70694BA9BC5E,
				16F1D1BAB769650F14912032,
				8E5305517ED498925302D4AE,
			);
			name = Resources;
			sourceTree = "<group>";
		};
		BB6E42DAD92DF36B6980AA5D = {
			isa = PBXGroup;
			children = (
				53E29F8754160783298F9B3F,
				B7280202A04F7F49C11FEFBB,
				B878DE7DDF14C25665A60FF8,
				CDF5FA92ED317942742A02AD,
				530710B17098FF27583953C3,
				362B60DE6AC8087CC1CEFDDA,
				B18C46392A4417AEE694113A,
				AC3C4EE2455C21BA13834B1E,
				B307DF2F0E3B8C35A6890E7F,
				9EB93FF03B1888D37650913B,
				725B0EF38D02EE53142085DA,
				11541BAD58B7502DCBBCB73F,
				FCEDE51FA632B9232C96C64F,
				F2093CB8BD444927470F2BE7,
			);
			name = Frameworks;
			sourceTree = "<group>";
		};
		BBE60ED14C6D89866D0E4D12 = {
			isa = PBXGroup;
			children = (
				48DCB36D5C66459EBF26835F,
			);
			name = Products;
			sourceTree = "<group>";
		};
		D8752076738CED4AB387B64F = {
			isa = PBXGroup;
			children = (
				662C205612407BF706C1BB27,
				85E8C2B27D73A59C921B8905,
				7FC60C4EA07D5C0E0A62EFDD,
				B9C80B8E79BC33646AD0BD15,
				BB6E42DAD92DF36B6980AA5D,
				BBE60ED14C6D89866D0E4D12,
			);
			name = Source;
			sourceTree = "<group>";
		};
		CC808053E0FC96863D08F79B = {
			isa = XCBuildConfiguration;
			buildSettings = {
				ARCHS = "$(ARCHS_STANDARD_64_BIT)";
				CLANG_CXX_LANGUAGE_STANDARD = "c++14";
				CLANG_CXX_LIBRARY = "libc++";
				CLANG_LINK_OBJC_RUNTIME = NO;
				CODE_SIGN_IDENTITY = "";
				COMBINE_HIDPI_IMAGES = YES;
				CONFIGURATION_BUILD_DIR = "$(PROJECT_DIR)/build/$(CONFIGURATION)";
				COPY_PHASE_STRIP = NO;
				GCC_DYNAMIC_NO_PIC = NO;
				GCC_OPTIMIZATION_LEVEL = 0;
				GCC_PREPROCESSOR_DEFINITIONS = (
					"_DEBUG=1",
					"DEBUG=1",
					"JUCER_XCODE_MAC_F6D2F4CF=1",
					"JUCE_APP_VERSION=0.0.1",
					"JUCE_APP_VERSION_HEX=0x1",
					"JucePlugin_Build_VST=0",
					"JucePlugin_Build_VST3=0",
					"JucePlugin_Build_AU=0",
					"JucePlugin_Build_AUv3=0",
					"JucePlugin_Build_RTAS=0",
					"JucePlugin_Build_AAX=0",
					"JucePlugin_Build_Standalone=0",
					"JucePlugin_Build_Unity=0",
				);
				GCC_VERSION = com.apple.compilers.llvm.clang.1_0;
				HEADER_SEARCH_PATHS = (
					"../../JuceLibraryCode",
					"../../JuceLibraryCode/modules",
					"$(inherited)",
				);
				INFOPLIST_FILE = Info-App.plist;
				INFOPLIST_PREPROCESS = NO;
				INSTALL_PATH = "$(HOME)/Applications";
				MACOSX_DEPLOYMENT_TARGET = 10.9;
				OTHER_CPLUSPLUSFLAGS = "-I../../../src/audio_file/include -I../../../src/combined/include -I../../../src/core/include -I../../../src/frequency_domain/include -I../../../src/hrtf/lib/include -I../../../src/raytracer/include -I../../../src/utilities/include -I../../../src/waveguide/include -I../../../build/include -I../../../build/dependencies/include";
				OTHER_LDFLAGS = "-lassimp -laudio_file -lcombined -lcompensation_signal -lcore -lfftw3 -lfftw3f -lfrequency_domain -litpp_static -lmodern_gl_utils -lraytracer -lsamplerate -lsndfile -lutilities -lwaveguide -lzlibstatic -L../../../build/lib -L../../../build/dependencies/lib";
				PRODUCT_BUNDLE_IDENTIFIER = com.reubenthomas.wayverb;
				PRODUCT_NAME = "wayverb";
				USE_HEADERMAP = NO;
			};
			name = Debug;
		};
		E028DB616C197D40ABE048CC = {
			isa = XCBuildConfiguration;
			buildSettings = {
				ARCHS = "$(ARCHS_STANDARD_64_BIT)";
				CLANG_CXX_LANGUAGE_STANDARD = "c++14";
				CLANG_CXX_LIBRARY = "libc++";
				CLANG_LINK_OBJC_RUNTIME = NO;
				CODE_SIGN_IDENTITY = "";
				COMBINE_HIDPI_IMAGES = YES;
				CONFIGURATION_BUILD_DIR = "$(PROJECT_DIR)/build/$(CONFIGURATION)";
				DEAD_CODE_STRIPPING = YES;
				GCC_GENERATE_DEBUGGING_SYMBOLS = NO;
				GCC_OPTIMIZATION_LEVEL = 3;
				GCC_PREPROCESSOR_DEFINITIONS = (
					"_NDEBUG=1",
					"NDEBUG=1",
					"JUCER_XCODE_MAC_F6D2F4CF=1",
					"JUCE_APP_VERSION=0.0.1",
					"JUCE_APP_VERSION_HEX=0x1",
					"JucePlugin_Build_VST=0",
					"JucePlugin_Build_VST3=0",
					"JucePlugin_Build_AU=0",
					"JucePlugin_Build_AUv3=0",
					"JucePlugin_Build_RTAS=0",
					"JucePlugin_Build_AAX=0",
					"JucePlugin_Build_Standalone=0",
					"JucePlugin_Build_Unity=0",
				);
				GCC_SYMBOLS_PRIVATE_EXTERN = YES;
				GCC_VERSION = com.apple.compilers.llvm.clang.1_0;
				HEADER_SEARCH_PATHS = (
					"../../JuceLibraryCode",
					"../../JuceLibraryCode/modules",
					"$(inherited)",
				);
				INFOPLIST_FILE = Info-App.plist;
				INFOPLIST_PREPROCESS = NO;
				INSTALL_PATH = "$(HOME)/Applications";
				MACOSX_DEPLOYMENT_TARGET = 10.9;
				OTHER_CPLUSPLUSFLAGS = "-I../../../src/audio_file/include -I../../../src/combined/include -I../../../src/core/include -I../../../src/frequency_domain/include -I../../../src/hrtf/lib/include -I../../../src/raytracer/include -I../../../src/utilities/include -I../../../src/waveguide/include -I../../../build/include -I../../../build/dependencies/include";
				OTHER_LDFLAGS = "-lassimp -laudio_file -lcombined -lcompensation_signal -lcore -lfftw3 -lfftw3f -lfrequency_domain -litpp_static -lmodern_gl_utils -lraytracer -lsamplerate -lsndfile -lutilities -lwaveguide -lzlibstatic -L../../../build/lib -L../../../build/dependencies/lib";
				PRODUCT_BUNDLE_IDENTIFIER = com.reubenthomas.wayverb;
				PRODUCT_NAME = "wayverb";
				USE_HEADERMAP = NO;
			};
			name = Release;
		};
		4AACEBB4BDB889BEC90E6D28 = {
			isa = XCBuildConfiguration;
			buildSettings = {
				ALWAYS_SEARCH_USER_PATHS = NO;
				CLANG_ENABLE_OBJC_WEAK = YES;
				CLANG_WARN_BLOCK_CAPTURE_AUTORELEASING = YES;
				CLANG_WARN_BOOL_CONVERSION = YES;
				CLANG_WARN_COMMA = YES;
				CLANG_WARN_CONSTANT_CONVERSION = YES;
				CLANG_WARN_DEPRECATED_OBJC_IMPLEMENTATIONS = YES;
				CLANG_WARN_EMPTY_BODY = YES;
				CLANG_WARN_ENUM_CONVERSION = YES;
				CLANG_WARN_INFINITE_RECURSION = YES;
				CLANG_WARN_INT_CONVERSION = YES;
				CLANG_WARN_NON_LITERAL_NULL_CONVERSION = YES;
				CLANG_WARN_OBJC_IMPLICIT_RETAIN_SELF = YES;
				CLANG_WARN_OBJC_LITERAL_CONVERSION = YES;
				CLANG_WARN_RANGE_LOOP_ANALYSIS = YES;
				CLANG_WARN_STRICT_PROTOTYPES = YES;
				CLANG_WARN_SUSPICIOUS_MOVE = YES;
				CLANG_WARN_UNREACHABLE_CODE = YES;
				CLANG_WARN__DUPLICATE_METHOD_MATCH = YES;
				CODE_SIGN_IDENTITY = "";
				DEBUG_INFORMATION_FORMAT = dwarf;
				ENABLE_STRICT_OBJC_MSGSEND = YES;
				ENABLE_TESTABILITY = YES;
				GCC_C_LANGUAGE_STANDARD = c11;
				GCC_INLINES_ARE_PRIVATE_EXTERN = YES;
				GCC_MODEL_TUNING = G5;
				GCC_NO_COMMON_BLOCKS = YES;
				GCC_WARN_64_TO_32_BIT_CONVERSION = YES;
				GCC_WARN_ABOUT_RETURN_TYPE = YES;
				GCC_WARN_CHECK_SWITCH_STATEMENTS = YES;
				GCC_WARN_MISSING_PARENTHESES = YES;
				GCC_WARN_NON_VIRTUAL_DESTRUCTOR = YES;
				GCC_WARN_TYPECHECK_CALLS_TO_PRINTF = YES;
				GCC_WARN_UNDECLARED_SELECTOR = YES;
				GCC_WARN_UNINITIALIZED_AUTOS = YES;
				GCC_WARN_UNUSED_FUNCTION = YES;
				GCC_WARN_UNUSED_VARIABLE = YES;
				PRODUCT_NAME = "wayverb";
				SDKROOT = macosx;
				WARNING_CFLAGS = "-Wreorder";
				ZERO_LINK = NO;
			};
			name = Debug;
		};
		26E3980ECF8E4FC7DF754F17 = {
			isa = XCBuildConfiguration;
			buildSettings = {
				ALWAYS_SEARCH_USER_PATHS = NO;
				CLANG_ENABLE_OBJC_WEAK = YES;
				CLANG_WARN_BLOCK_CAPTURE_AUTORELEASING = YES;
				CLANG_WARN_BOOL_CONVERSION = YES;
				CLANG_WARN_COMMA = YES;
				CLANG_WARN_CONSTANT_CONVERSION = YES;
				CLANG_WARN_DEPRECATED_OBJC_IMPLEMENTATIONS = YES;
				CLANG_WARN_EMPTY_BODY = YES;
				CLANG_WARN_ENUM_CONVERSION = YES;
				CLANG_WARN_INFINITE_RECURSION = YES;
				CLANG_WARN_INT_CONVERSION = YES;
				CLANG_WARN_NON_LITERAL_NULL_CONVERSION = YES;
				CLANG_WARN_OBJC_IMPLICIT_RETAIN_SELF = YES;
				CLANG_WARN_OBJC_LITERAL_CONVERSION = YES;
				CLANG_WARN_RANGE_LOOP_ANALYSIS = YES;
				CLANG_WARN_STRICT_PROTOTYPES = YES;
				CLANG_WARN_SUSPICIOUS_MOVE = YES;
				CLANG_WARN_UNREACHABLE_CODE = YES;
				CLANG_WARN__DUPLICATE_METHOD_MATCH = YES;
				CODE_SIGN_IDENTITY = "";
				DEBUG_INFORMATION_FORMAT = dwarf;
				ENABLE_STRICT_OBJC_MSGSEND = YES;
				GCC_C_LANGUAGE_STANDARD = c11;
				GCC_INLINES_ARE_PRIVATE_EXTERN = YES;
				GCC_MODEL_TUNING = G5;
				GCC_NO_COMMON_BLOCKS = YES;
				GCC_WARN_64_TO_32_BIT_CONVERSION = YES;
				GCC_WARN_ABOUT_RETURN_TYPE = YES;
				GCC_WARN_CHECK_SWITCH_STATEMENTS = YES;
				GCC_WARN_MISSING_PARENTHESES = YES;
				GCC_WARN_NON_VIRTUAL_DESTRUCTOR = YES;
				GCC_WARN_TYPECHECK_CALLS_TO_PRINTF = YES;
				GCC_WARN_UNDECLARED_SELECTOR = YES;
				GCC_WARN_UNINITIALIZED_AUTOS = YES;
				GCC_WARN_UNUSED_FUNCTION = YES;
				GCC_WARN_UNUSED_VARIABLE = YES;
				PRODUCT_NAME = "wayverb";
				SDKROOT = macosx;
				WARNING_CFLAGS = "-Wreorder";
				ZERO_LINK = NO;
			};
			name = Release;
		};
		ACEFDCCE613D71959E6175C9 = {
			isa = PBXTargetDependency;
			target = 775170E8525F91C5B5397522;
		};
		2F73D0ED4917CAEB941F0EB3 = {
			isa = XCConfigurationList;
			buildConfigurations = (
				4AACEBB4BDB889BEC90E6D28,
				26E3980ECF8E4FC7DF754F17,
			);
			defaultConfigurationIsVisible = 0;
			defaultConfigurationName = Debug;
		};
		1F206EFD94A517FA5C3C68B1 = {
			isa = XCConfigurationList;
			buildConfigurations = (
				CC808053E0FC96863D08F79B,
				E028DB616C197D40ABE048CC,
			);
			defaultConfigurationIsVisible = 0;
			defaultConfigurationName = Debug;
		};
		01363CDFD8A66C1F27CE6FCD = {
			isa = PBXShellScriptBuildPhase;
			buildActionMask = 2147483647;
			files = ( );
			runOnlyForDeploymentPostprocessing = 0;
			name = "Pre-build script";
			shellPath = /bin/sh;
			shellScript = "cd ../../../ && ./build.sh";
		};
		211B7C814D5087610F9D3486 = {
			isa = PBXResourcesBuildPhase;
			buildActionMask = 2147483647;
			files = (
				196599E2E23BDB5A8074AE71,
				00E49298367FE985E3C477C6,
			);
			runOnlyForDeploymentPostprocessing = 0;
		};
		EDEE04D11BBEBEF622453F7D = {
			isa = PBXSourcesBuildPhase;
			buildActionMask = 2147483647;
			files = (
				63A5890F7A21E13323C2CA6C,
				65FEA6E24F9F54EC898FB455,
				4476A193186DA19BA0570FCE,
				D1455B317C94965D3FD3F5EA,
				21A22E004930FDC0C3DA290F,
				A62710336C31618D25AF19B2,
				6A4A26E27EB2FFEE38AB6863,
				A29CE492EB74DEDD5BF62FEB,
				15F868E369BC6DFEEBA52421,
				5142E216E56408CAB19C9037,
				6FC3C4B767DE2254EB3F0388,
				47C1D5781CE382760EB3DDC2,
				FB4F44F8B7DEA4E78A90D023,
				84DA7242FD63145AA563E1AB,
				CA5E278F6D04C5044ACDAC64,
				8E66BDA60A004FF6EA42B3F8,
				4BED359EAB558B79ACD66A3A,
				193B562BEC1C884A05A9F915,
				149586B3563146B42D685C35,
				1B61D2524C60B2CDC8DCEFB1,
				9AEF3D7C4D7EA5659682475E,
				73AD262323A4BEE323200E06,
				195583AC28CEE53A931F74CB,
				EEF32D2A9EEEC1865AF373A0,
				783BD85378C2BFACD464000A,
				A11D062F5BFCFBB8147095ED,
				41487CACBF949C3A37CB9B73,
				7FED009EA19E972910CD38DA,
				FA1EE98D2104FAA620B096B0,
				2276FD683DD691F70C9FBC36,
				5A67FF381629839720663E21,
				482EFF5812BDB4EE79CA851B,
				5715AFA019655F3D1C3AB383,
				0A33B99630EEB381E2CEC376,
				559D74AB01B8D9852AD7DB24,
				0F2082BE57CB4D233E4C5FB3,
				9B89B315B4B4BE722027B5D0,
				37F67C246D099E976485E476,
				511E3AA90A31E9C4481B7B45,
				9B74B3787E8A7E0088348427,
				4637B70CCC8FA33054B963FD,
				3554B04DEA97AEA6E114B2D4,
				C2079DA54CCEA81EB64CABB3,
				E7AC92FC63D639AB618D7752,
				057351EF9838BE7B43C37D95,
				45457E84EA9FF08FD27AD212,
				8D7D06B3588DE7622F47D36E,
				45B5454C79DBE8ED6986E633,
				3BE8345C6387552ECAA70306,
				8CA2515833B737A3515207F6,
				5E4B2C121484C25A36E19545,
				BE41F208E3B23C209E615839,
				22BEC80D54F6EC0E42D83DEA,
				5C437E094184169E24011A1C,
				555E5C3FD8AA83430E59D504,
			);
			runOnlyForDeploymentPostprocessing = 0;
		};
		A2BF292DB0FB566408CD32B7 = {
			isa = PBXFrameworksBuildPhase;
			buildActionMask = 2147483647;
			files = (
				9C6B303E33BD8C75323E79CA,
				E5B639382770E3C7B465745E,
				55AB8FE9C13A6150D5EA8AD1,
				E9E2AAE570ED603C835707D4,
				01D57BF3B487C134AC3229E7,
				0F6645ACB403A27B0ADB3DD6,
				6B13A4BB845E973C2875A326,
				C096FFF5F8FF1BCEA75C0E0C,
				2B28B4F0ABDB3A91346D438C,
				ED678CDE326E9222EFAFC0D4,
				74EA579372DEFB508EC86EAC,
				0F07E1B6ED3184A6A45C3ECF,
				E86FC96817340EB89706C570,
				CC54EAD1D7E7F33C593B996E,
			);
			runOnlyForDeploymentPostprocessing = 0;
		};
		775170E8525F91C5B5397522 = {
			isa = PBXNativeTarget;
			buildConfigurationList = 1F206EFD94A517FA5C3C68B1;
			buildPhases = (
				01363CDFD8A66C1F27CE6FCD,
				211B7C814D5087610F9D3486,
				EDEE04D11BBEBEF622453F7D,
				A2BF292DB0FB566408CD32B7,
			);
			buildRules = ( );
			dependencies = ( );
			name = "wayverb - App";
			productName = wayverb;
			productReference = 48DCB36D5C66459EBF26835F;
			productType = "com.apple.product-type.application";
		};
		AF9D0AEBCD706DACCFF1AE25 = {
			isa = PBXProject;
			buildConfigurationList = 2F73D0ED4917CAEB941F0EB3;
			attributes = { LastUpgradeCheck = 1100; ORGANIZATIONNAME = ""; TargetAttributes = { 775170E8525F91C5B5397522 = { SystemCapabilities = {com.apple.ApplicationGroups.iOS = { enabled = 0; }; com.apple.InAppPurchase = { enabled = 0; }; com.apple.InterAppAudio = { enabled = 0; }; com.apple.Push = { enabled = 0; }; com.apple.Sandbox = { enabled = 0; }; com.apple.HardenedRuntime = { enabled = 0; }; }; }; }; };
			compatibilityVersion = "Xcode 3.2";
			hasScannedForEncodings = 0;
			mainGroup = D8752076738CED4AB387B64F;
			projectDirPath = "";
			projectRoot = "";
			targets = (775170E8525F91C5B5397522);
			knownRegions = (en, Base);
		};
	};
	rootObject = AF9D0AEBCD706DACCFF1AE25;
}
